# This file is auto-generated by agr. Do not edit.

version = 1

[[skill]]
path = "skills/agr-release"
installed-name = "agr-release"

[[skill]]
handle = "maragudk/code-review"
source = "github"
commit = "9859f7bceb7a46af8482cabb9aa24e0d38a49413"
content-hash = "sha256:fa1ce825fa7e11cd5aac55ee7eac5e9c918e3af113b7988fdbd281a319acc110"
installed-name = "code-review"

[[skill]]
handle = "microsoft/playwright-cli/playwright-cli"
source = "github"
commit = "4e37405ffe6b40db68bb6a787cd1dadbe999e4a0"
content-hash = "sha256:50aa57a0172e6ed2544ac7c161a1c61f424dbdd57511ef0e0a6a3f35c509ed65"
installed-name = "playwright-cli"
