# This file is auto-generated by agr. Do not edit.

version = 1

[[skill]]
path = "skills/agr-release"
installed-name = "agr-release"

[[skill]]
handle = "maragudk/code-review"
source = "github"
commit = "9859f7bceb7a46af8482cabb9aa24e0d38a49413"
content-hash = "sha256:fa1ce825fa7e11cd5aac55ee7eac5e9c918e3af113b7988fdbd281a319acc110"
installed-name = "code-review"

[[skill]]
handle = "microsoft/playwright-cli/playwright-cli"
source = "github"
commit = "a0d5bfd4d9658073029d33f979ac5a027568caec"
content-hash = "sha256:75e47183c30bc8651e76286680eddac88a3024a7ee5a7f1bc486d4d3fdee34ce"
installed-name = "playwright-cli"
